
Microsoft Visual Studio Solution File, Format Version 12.00
# Visual Studio Version 17
VisualStudioVersion = 17.9.34728.123
MinimumVisualStudioVersion = 10.0.40219.1
Project("{8BC9CEB8-8B4A-11D0-8D11-00A0C91BC942}") = "11.ContainerWithMostWater", "11.ContainerWithMostWater\11.ContainerWithMostWater.vcxproj", "{E75E781F-75D2-43F1-B1A9-3CFC3FB77104}"
EndProject
Project("{8BC9CEB8-8B4A-11D0-8D11-00A0C91BC942}") = "5.LongestPalindromicSubstring", "5.LongestPalindromicSubstring\5.LongestPalindromicSubstring.vcxproj", "{0621EC55-973E-4C0A-9E4F-06EB7704AB36}"
EndProject
Project("{8BC9CEB8-8B4A-11D0-8D11-00A0C91BC942}") = "15.3Sum", "15.3Sum\15.3Sum.vcxproj", "{AA658B8A-2AB4-4500-BBE7-B5690A2061CD}"
EndProject
Project("{8BC9CEB8-8B4A-11D0-8D11-00A0C91BC942}") = "18.4Sum", "18.4Sum\18.4Sum.vcxproj", "{339DA0C4-B7CF-41CC-A4D8-2A9726C981EB}"
EndProject
Project("{8BC9CEB8-8B4A-11D0-8D11-00A0C91BC942}") = "16.3SumClosest", "16.3SumClosest\16.3SumClosest.vcxproj", "{923558D8-EBBF-404E-9458-1FF2BA632893}"
EndProject
Project("{8BC9CEB8-8B4A-11D0-8D11-00A0C91BC942}") = "27.RemoveElement", "27.RemoveElement\27.RemoveElement.vcxproj", "{08C7613C-6E4C-45D7-B5D1-317C0E3651A1}"
EndProject
Project("{8BC9CEB8-8B4A-11D0-8D11-00A0C91BC942}") = "26.RemoveDuplicatesfromSortedArray", "26.RemoveDuplicatesfromSortedArray\26.RemoveDuplicatesfromSortedArray.vcxproj", "{F15006F9-4025-4912-A1C1-0E16937FF8F0}"
EndProject
Project("{8BC9CEB8-8B4A-11D0-8D11-00A0C91BC942}") = "42.TrappingRainWater", "42.TrappingRainWater\42.TrappingRainWater.vcxproj", "{739296D5-62F7-466B-8EA3-D7D577E5D63E}"
EndProject
Project("{8BC9CEB8-8B4A-11D0-8D11-00A0C91BC942}") = "125.ValidPalindrome", "125.ValidPalindrome\125.ValidPalindrome.vcxproj", "{4561398D-E9BB-414E-89B9-BC0AE2371E09}"
EndProject
Project("{8BC9CEB8-8B4A-11D0-8D11-00A0C91BC942}") = "167.TwoSumII-InputArrayIsSorted", "167.TwoSumII-InputArrayIsSorted\167.TwoSumII-InputArrayIsSorted.vcxproj", "{6F6A82A1-E1FE-40EA-A1E8-E9A9D6D5CF30}"
EndProject
Project("{8BC9CEB8-8B4A-11D0-8D11-00A0C91BC942}") = "283.MoveZeroes", "283.MoveZeroes\283.MoveZeroes.vcxproj", "{2E48B8AD-7884-4921-82B5-9B3A9ACDE801}"
EndProject
Project("{8BC9CEB8-8B4A-11D0-8D11-00A0C91BC942}") = "344.ReverseString", "344.ReverseString\344.ReverseString.vcxproj", "{96055723-6AB1-412D-AED9-9F618E14B4C2}"
EndProject
Project("{8BC9CEB8-8B4A-11D0-8D11-00A0C91BC942}") = "345.ReverseVowelsofaString", "345.ReverseVowelsofaString\345.ReverseVowelsofaString.vcxproj", "{6C43A626-462E-432B-9CE3-8E9BAE68AC2F}"
EndProject
Project("{8BC9CEB8-8B4A-11D0-8D11-00A0C91BC942}") = "350.IntersectionofTwoArraysII", "350.IntersectionofTwoArraysII\350.IntersectionofTwoArraysII.vcxproj", "{B34806E1-22DB-4373-BFDD-ABAF07AEDCE4}"
EndProject
Project("{8BC9CEB8-8B4A-11D0-8D11-00A0C91BC942}") = "977.SquaresofaSortedArray", "977.SquaresofaSortedArray\977.SquaresofaSortedArray.vcxproj", "{BA9EE127-C15E-42FD-A58C-181B164A5795}"
EndProject
Project("{8BC9CEB8-8B4A-11D0-8D11-00A0C91BC942}") = "392.IsSubsequence", "392.IsSubsequence\392.IsSubsequence.vcxproj", "{7528C955-CE10-45EB-97AD-BE90FE03C041}"
EndProject
Project("{8BC9CEB8-8B4A-11D0-8D11-00A0C91BC942}") = "259.3SumSmaller", "259.3SumSmaller\259.3SumSmaller.vcxproj", "{DA4BCE40-E181-4D6B-84A5-09FD45A56221}"
EndProject
Project("{8BC9CEB8-8B4A-11D0-8D11-00A0C91BC942}") = "455.AssignCookies", "455.AssignCookies\455.AssignCookies.vcxproj", "{5D6E7EDD-8C5A-4A2B-B7DA-3787E2894EF0}"
EndProject
Global
	GlobalSection(SolutionConfigurationPlatforms) = preSolution
		Debug|x64 = Debug|x64
		Debug|x86 = Debug|x86
		Release|x64 = Release|x64
		Release|x86 = Release|x86
	EndGlobalSection
	GlobalSection(ProjectConfigurationPlatforms) = postSolution
		{E75E781F-75D2-43F1-B1A9-3CFC3FB77104}.Debug|x64.ActiveCfg = Debug|x64
		{E75E781F-75D2-43F1-B1A9-3CFC3FB77104}.Debug|x64.Build.0 = Debug|x64
		{E75E781F-75D2-43F1-B1A9-3CFC3FB77104}.Debug|x86.ActiveCfg = Debug|Win32
		{E75E781F-75D2-43F1-B1A9-3CFC3FB77104}.Debug|x86.Build.0 = Debug|Win32
		{E75E781F-75D2-43F1-B1A9-3CFC3FB77104}.Release|x64.ActiveCfg = Release|x64
		{E75E781F-75D2-43F1-B1A9-3CFC3FB77104}.Release|x64.Build.0 = Release|x64
		{E75E781F-75D2-43F1-B1A9-3CFC3FB77104}.Release|x86.ActiveCfg = Release|Win32
		{E75E781F-75D2-43F1-B1A9-3CFC3FB77104}.Release|x86.Build.0 = Release|Win32
		{0621EC55-973E-4C0A-9E4F-06EB7704AB36}.Debug|x64.ActiveCfg = Debug|x64
		{0621EC55-973E-4C0A-9E4F-06EB7704AB36}.Debug|x64.Build.0 = Debug|x64
		{0621EC55-973E-4C0A-9E4F-06EB7704AB36}.Debug|x86.ActiveCfg = Debug|Win32
		{0621EC55-973E-4C0A-9E4F-06EB7704AB36}.Debug|x86.Build.0 = Debug|Win32
		{0621EC55-973E-4C0A-9E4F-06EB7704AB36}.Release|x64.ActiveCfg = Release|x64
		{0621EC55-973E-4C0A-9E4F-06EB7704AB36}.Release|x64.Build.0 = Release|x64
		{0621EC55-973E-4C0A-9E4F-06EB7704AB36}.Release|x86.ActiveCfg = Release|Win32
		{0621EC55-973E-4C0A-9E4F-06EB7704AB36}.Release|x86.Build.0 = Release|Win32
		{AA658B8A-2AB4-4500-BBE7-B5690A2061CD}.Debug|x64.ActiveCfg = Debug|x64
		{AA658B8A-2AB4-4500-BBE7-B5690A2061CD}.Debug|x64.Build.0 = Debug|x64
		{AA658B8A-2AB4-4500-BBE7-B5690A2061CD}.Debug|x86.ActiveCfg = Debug|Win32
		{AA658B8A-2AB4-4500-BBE7-B5690A2061CD}.Debug|x86.Build.0 = Debug|Win32
		{AA658B8A-2AB4-4500-BBE7-B5690A2061CD}.Release|x64.ActiveCfg = Release|x64
		{AA658B8A-2AB4-4500-BBE7-B5690A2061CD}.Release|x64.Build.0 = Release|x64
		{AA658B8A-2AB4-4500-BBE7-B5690A2061CD}.Release|x86.ActiveCfg = Release|Win32
		{AA658B8A-2AB4-4500-BBE7-B5690A2061CD}.Release|x86.Build.0 = Release|Win32
		{339DA0C4-B7CF-41CC-A4D8-2A9726C981EB}.Debug|x64.ActiveCfg = Debug|x64
		{339DA0C4-B7CF-41CC-A4D8-2A9726C981EB}.Debug|x64.Build.0 = Debug|x64
		{339DA0C4-B7CF-41CC-A4D8-2A9726C981EB}.Debug|x86.ActiveCfg = Debug|Win32
		{339DA0C4-B7CF-41CC-A4D8-2A9726C981EB}.Debug|x86.Build.0 = Debug|Win32
		{339DA0C4-B7CF-41CC-A4D8-2A9726C981EB}.Release|x64.ActiveCfg = Release|x64
		{339DA0C4-B7CF-41CC-A4D8-2A9726C981EB}.Release|x64.Build.0 = Release|x64
		{339DA0C4-B7CF-41CC-A4D8-2A9726C981EB}.Release|x86.ActiveCfg = Release|Win32
		{339DA0C4-B7CF-41CC-A4D8-2A9726C981EB}.Release|x86.Build.0 = Release|Win32
		{923558D8-EBBF-404E-9458-1FF2BA632893}.Debug|x64.ActiveCfg = Debug|x64
		{923558D8-EBBF-404E-9458-1FF2BA632893}.Debug|x64.Build.0 = Debug|x64
		{923558D8-EBBF-404E-9458-1FF2BA632893}.Debug|x86.ActiveCfg = Debug|Win32
		{923558D8-EBBF-404E-9458-1FF2BA632893}.Debug|x86.Build.0 = Debug|Win32
		{923558D8-EBBF-404E-9458-1FF2BA632893}.Release|x64.ActiveCfg = Release|x64
		{923558D8-EBBF-404E-9458-1FF2BA632893}.Release|x64.Build.0 = Release|x64
		{923558D8-EBBF-404E-9458-1FF2BA632893}.Release|x86.ActiveCfg = Release|Win32
		{923558D8-EBBF-404E-9458-1FF2BA632893}.Release|x86.Build.0 = Release|Win32
		{08C7613C-6E4C-45D7-B5D1-317C0E3651A1}.Debug|x64.ActiveCfg = Debug|x64
		{08C7613C-6E4C-45D7-B5D1-317C0E3651A1}.Debug|x64.Build.0 = Debug|x64
		{08C7613C-6E4C-45D7-B5D1-317C0E3651A1}.Debug|x86.ActiveCfg = Debug|Win32
		{08C7613C-6E4C-45D7-B5D1-317C0E3651A1}.Debug|x86.Build.0 = Debug|Win32
		{08C7613C-6E4C-45D7-B5D1-317C0E3651A1}.Release|x64.ActiveCfg = Release|x64
		{08C7613C-6E4C-45D7-B5D1-317C0E3651A1}.Release|x64.Build.0 = Release|x64
		{08C7613C-6E4C-45D7-B5D1-317C0E3651A1}.Release|x86.ActiveCfg = Release|Win32
		{08C7613C-6E4C-45D7-B5D1-317C0E3651A1}.Release|x86.Build.0 = Release|Win32
		{F15006F9-4025-4912-A1C1-0E16937FF8F0}.Debug|x64.ActiveCfg = Debug|x64
		{F15006F9-4025-4912-A1C1-0E16937FF8F0}.Debug|x64.Build.0 = Debug|x64
		{F15006F9-4025-4912-A1C1-0E16937FF8F0}.Debug|x86.ActiveCfg = Debug|Win32
		{F15006F9-4025-4912-A1C1-0E16937FF8F0}.Debug|x86.Build.0 = Debug|Win32
		{F15006F9-4025-4912-A1C1-0E16937FF8F0}.Release|x64.ActiveCfg = Release|x64
		{F15006F9-4025-4912-A1C1-0E16937FF8F0}.Release|x64.Build.0 = Release|x64
		{F15006F9-4025-4912-A1C1-0E16937FF8F0}.Release|x86.ActiveCfg = Release|Win32
		{F15006F9-4025-4912-A1C1-0E16937FF8F0}.Release|x86.Build.0 = Release|Win32
		{739296D5-62F7-466B-8EA3-D7D577E5D63E}.Debug|x64.ActiveCfg = Debug|x64
		{739296D5-62F7-466B-8EA3-D7D577E5D63E}.Debug|x64.Build.0 = Debug|x64
		{739296D5-62F7-466B-8EA3-D7D577E5D63E}.Debug|x86.ActiveCfg = Debug|Win32
		{739296D5-62F7-466B-8EA3-D7D577E5D63E}.Debug|x86.Build.0 = Debug|Win32
		{739296D5-62F7-466B-8EA3-D7D577E5D63E}.Release|x64.ActiveCfg = Release|x64
		{739296D5-62F7-466B-8EA3-D7D577E5D63E}.Release|x64.Build.0 = Release|x64
		{739296D5-62F7-466B-8EA3-D7D577E5D63E}.Release|x86.ActiveCfg = Release|Win32
		{739296D5-62F7-466B-8EA3-D7D577E5D63E}.Release|x86.Build.0 = Release|Win32
		{4561398D-E9BB-414E-89B9-BC0AE2371E09}.Debug|x64.ActiveCfg = Debug|x64
		{4561398D-E9BB-414E-89B9-BC0AE2371E09}.Debug|x64.Build.0 = Debug|x64
		{4561398D-E9BB-414E-89B9-BC0AE2371E09}.Debug|x86.ActiveCfg = Debug|Win32
		{4561398D-E9BB-414E-89B9-BC0AE2371E09}.Debug|x86.Build.0 = Debug|Win32
		{4561398D-E9BB-414E-89B9-BC0AE2371E09}.Release|x64.ActiveCfg = Release|x64
		{4561398D-E9BB-414E-89B9-BC0AE2371E09}.Release|x64.Build.0 = Release|x64
		{4561398D-E9BB-414E-89B9-BC0AE2371E09}.Release|x86.ActiveCfg = Release|Win32
		{4561398D-E9BB-414E-89B9-BC0AE2371E09}.Release|x86.Build.0 = Release|Win32
		{6F6A82A1-E1FE-40EA-A1E8-E9A9D6D5CF30}.Debug|x64.ActiveCfg = Debug|x64
		{6F6A82A1-E1FE-40EA-A1E8-E9A9D6D5CF30}.Debug|x64.Build.0 = Debug|x64
		{6F6A82A1-E1FE-40EA-A1E8-E9A9D6D5CF30}.Debug|x86.ActiveCfg = Debug|Win32
		{6F6A82A1-E1FE-40EA-A1E8-E9A9D6D5CF30}.Debug|x86.Build.0 = Debug|Win32
		{6F6A82A1-E1FE-40EA-A1E8-E9A9D6D5CF30}.Release|x64.ActiveCfg = Release|x64
		{6F6A82A1-E1FE-40EA-A1E8-E9A9D6D5CF30}.Release|x64.Build.0 = Release|x64
		{6F6A82A1-E1FE-40EA-A1E8-E9A9D6D5CF30}.Release|x86.ActiveCfg = Release|Win32
		{6F6A82A1-E1FE-40EA-A1E8-E9A9D6D5CF30}.Release|x86.Build.0 = Release|Win32
		{2E48B8AD-7884-4921-82B5-9B3A9ACDE801}.Debug|x64.ActiveCfg = Debug|x64
		{2E48B8AD-7884-4921-82B5-9B3A9ACDE801}.Debug|x64.Build.0 = Debug|x64
		{2E48B8AD-7884-4921-82B5-9B3A9ACDE801}.Debug|x86.ActiveCfg = Debug|Win32
		{2E48B8AD-7884-4921-82B5-9B3A9ACDE801}.Debug|x86.Build.0 = Debug|Win32
		{2E48B8AD-7884-4921-82B5-9B3A9ACDE801}.Release|x64.ActiveCfg = Release|x64
		{2E48B8AD-7884-4921-82B5-9B3A9ACDE801}.Release|x64.Build.0 = Release|x64
		{2E48B8AD-7884-4921-82B5-9B3A9ACDE801}.Release|x86.ActiveCfg = Release|Win32
		{2E48B8AD-7884-4921-82B5-9B3A9ACDE801}.Release|x86.Build.0 = Release|Win32
		{96055723-6AB1-412D-AED9-9F618E14B4C2}.Debug|x64.ActiveCfg = Debug|x64
		{96055723-6AB1-412D-AED9-9F618E14B4C2}.Debug|x64.Build.0 = Debug|x64
		{96055723-6AB1-412D-AED9-9F618E14B4C2}.Debug|x86.ActiveCfg = Debug|Win32
		{96055723-6AB1-412D-AED9-9F618E14B4C2}.Debug|x86.Build.0 = Debug|Win32
		{96055723-6AB1-412D-AED9-9F618E14B4C2}.Release|x64.ActiveCfg = Release|x64
		{96055723-6AB1-412D-AED9-9F618E14B4C2}.Release|x64.Build.0 = Release|x64
		{96055723-6AB1-412D-AED9-9F618E14B4C2}.Release|x86.ActiveCfg = Release|Win32
		{96055723-6AB1-412D-AED9-9F618E14B4C2}.Release|x86.Build.0 = Release|Win32
		{6C43A626-462E-432B-9CE3-8E9BAE68AC2F}.Debug|x64.ActiveCfg = Debug|x64
		{6C43A626-462E-432B-9CE3-8E9BAE68AC2F}.Debug|x64.Build.0 = Debug|x64
		{6C43A626-462E-432B-9CE3-8E9BAE68AC2F}.Debug|x86.ActiveCfg = Debug|Win32
		{6C43A626-462E-432B-9CE3-8E9BAE68AC2F}.Debug|x86.Build.0 = Debug|Win32
		{6C43A626-462E-432B-9CE3-8E9BAE68AC2F}.Release|x64.ActiveCfg = Release|x64
		{6C43A626-462E-432B-9CE3-8E9BAE68AC2F}.Release|x64.Build.0 = Release|x64
		{6C43A626-462E-432B-9CE3-8E9BAE68AC2F}.Release|x86.ActiveCfg = Release|Win32
		{6C43A626-462E-432B-9CE3-8E9BAE68AC2F}.Release|x86.Build.0 = Release|Win32
		{B34806E1-22DB-4373-BFDD-ABAF07AEDCE4}.Debug|x64.ActiveCfg = Debug|x64
		{B34806E1-22DB-4373-BFDD-ABAF07AEDCE4}.Debug|x64.Build.0 = Debug|x64
		{B34806E1-22DB-4373-BFDD-ABAF07AEDCE4}.Debug|x86.ActiveCfg = Debug|Win32
		{B34806E1-22DB-4373-BFDD-ABAF07AEDCE4}.Debug|x86.Build.0 = Debug|Win32
		{B34806E1-22DB-4373-BFDD-ABAF07AEDCE4}.Release|x64.ActiveCfg = Release|x64
		{B34806E1-22DB-4373-BFDD-ABAF07AEDCE4}.Release|x64.Build.0 = Release|x64
		{B34806E1-22DB-4373-BFDD-ABAF07AEDCE4}.Release|x86.ActiveCfg = Release|Win32
		{B34806E1-22DB-4373-BFDD-ABAF07AEDCE4}.Release|x86.Build.0 = Release|Win32
		{BA9EE127-C15E-42FD-A58C-181B164A5795}.Debug|x64.ActiveCfg = Debug|x64
		{BA9EE127-C15E-42FD-A58C-181B164A5795}.Debug|x64.Build.0 = Debug|x64
		{BA9EE127-C15E-42FD-A58C-181B164A5795}.Debug|x86.ActiveCfg = Debug|Win32
		{BA9EE127-C15E-42FD-A58C-181B164A5795}.Debug|x86.Build.0 = Debug|Win32
		{BA9EE127-C15E-42FD-A58C-181B164A5795}.Release|x64.ActiveCfg = Release|x64
		{BA9EE127-C15E-42FD-A58C-181B164A5795}.Release|x64.Build.0 = Release|x64
		{BA9EE127-C15E-42FD-A58C-181B164A5795}.Release|x86.ActiveCfg = Release|Win32
		{BA9EE127-C15E-42FD-A58C-181B164A5795}.Release|x86.Build.0 = Release|Win32
		{7528C955-CE10-45EB-97AD-BE90FE03C041}.Debug|x64.ActiveCfg = Debug|x64
		{7528C955-CE10-45EB-97AD-BE90FE03C041}.Debug|x64.Build.0 = Debug|x64
		{7528C955-CE10-45EB-97AD-BE90FE03C041}.Debug|x86.ActiveCfg = Debug|Win32
		{7528C955-CE10-45EB-97AD-BE90FE03C041}.Debug|x86.Build.0 = Debug|Win32
		{7528C955-CE10-45EB-97AD-BE90FE03C041}.Release|x64.ActiveCfg = Release|x64
		{7528C955-CE10-45EB-97AD-BE90FE03C041}.Release|x64.Build.0 = Release|x64
		{7528C955-CE10-45EB-97AD-BE90FE03C041}.Release|x86.ActiveCfg = Release|Win32
		{7528C955-CE10-45EB-97AD-BE90FE03C041}.Release|x86.Build.0 = Release|Win32
		{DA4BCE40-E181-4D6B-84A5-09FD45A56221}.Debug|x64.ActiveCfg = Debug|x64
		{DA4BCE40-E181-4D6B-84A5-09FD45A56221}.Debug|x64.Build.0 = Debug|x64
		{DA4BCE40-E181-4D6B-84A5-09FD45A56221}.Debug|x86.ActiveCfg = Debug|Win32
		{DA4BCE40-E181-4D6B-84A5-09FD45A56221}.Debug|x86.Build.0 = Debug|Win32
		{DA4BCE40-E181-4D6B-84A5-09FD45A56221}.Release|x64.ActiveCfg = Release|x64
		{DA4BCE40-E181-4D6B-84A5-09FD45A56221}.Release|x64.Build.0 = Release|x64
		{DA4BCE40-E181-4D6B-84A5-09FD45A56221}.Release|x86.ActiveCfg = Release|Win32
		{DA4BCE40-E181-4D6B-84A5-09FD45A56221}.Release|x86.Build.0 = Release|Win32
		{5D6E7EDD-8C5A-4A2B-B7DA-3787E2894EF0}.Debug|x64.ActiveCfg = Debug|x64
		{5D6E7EDD-8C5A-4A2B-B7DA-3787E2894EF0}.Debug|x64.Build.0 = Debug|x64
		{5D6E7EDD-8C5A-4A2B-B7DA-3787E2894EF0}.Debug|x86.ActiveCfg = Debug|Win32
		{5D6E7EDD-8C5A-4A2B-B7DA-3787E2894EF0}.Debug|x86.Build.0 = Debug|Win32
		{5D6E7EDD-8C5A-4A2B-B7DA-3787E2894EF0}.Release|x64.ActiveCfg = Release|x64
		{5D6E7EDD-8C5A-4A2B-B7DA-3787E2894EF0}.Release|x64.Build.0 = Release|x64
		{5D6E7EDD-8C5A-4A2B-B7DA-3787E2894EF0}.Release|x86.ActiveCfg = Release|Win32
		{5D6E7EDD-8C5A-4A2B-B7DA-3787E2894EF0}.Release|x86.Build.0 = Release|Win32
	EndGlobalSection
	GlobalSection(SolutionProperties) = preSolution
		HideSolutionNode = FALSE
	EndGlobalSection
	GlobalSection(ExtensibilityGlobals) = postSolution
		SolutionGuid = {320AC60E-30D1-46F1-80CE-CD5B963384A2}
	EndGlobalSection
EndGlobal
